
Microsoft Visual Studio Solution File, Format Version 12.00
# Visual Studio Version 17
VisualStudioVersion = 17.11.35222.181
MinimumVisualStudioVersion = 10.0.40219.1
Project("{FAE04EC0-301F-11D3-BF4B-00C04F79EFBC}") = "SistemaAsistencias", "SistemaAsistencias\SistemaAsistencias.csproj", "{E5ECFFBE-4D23-4975-99CE-BEEF2A88424B}"
EndProject
Global
	GlobalSection(SolutionConfigurationPlatforms) = preSolution
		Debug|Any CPU = Debug|Any CPU
		Release|Any CPU = Release|Any CPU
	EndGlobalSection
	GlobalSection(ProjectConfigurationPlatforms) = postSolution
		{E5ECFFBE-4D23-4975-99CE-BEEF2A88424B}.Debug|Any CPU.ActiveCfg = Debug|Any CPU
		{E5ECFFBE-4D23-4975-99CE-BEEF2A88424B}.Debug|Any CPU.Build.0 = Debug|Any CPU
		{E5ECFFBE-4D23-4975-99CE-BEEF2A88424B}.Release|Any CPU.ActiveCfg = Release|Any CPU
		{E5ECFFBE-4D23-4975-99CE-BEEF2A88424B}.Release|Any CPU.Build.0 = Release|Any CPU
	EndGlobalSection
	GlobalSection(SolutionProperties) = preSolution
		HideSolutionNode = FALSE
	EndGlobalSection
	GlobalSection(ExtensibilityGlobals) = postSolution
		SolutionGuid = {78018E03-053A-41FF-A0EB-CCCABF115697}
	EndGlobalSection
EndGlobal
